
Microsoft Visual Studio Solution File, Format Version 12.00
# Visual Studio Version 17
VisualStudioVersion = 17.12.35527.113 d17.12
MinimumVisualStudioVersion = 10.0.40219.1
Project("{FAE04EC0-301F-11D3-BF4B-00C04F79EFBC}") = "TdocSpider.Application", "TdocSpider.Application\TdocSpider.Application.csproj", "{9DFBA867-AE95-4ACF-9E86-F9F48059D906}"
EndProject
Project("{FAE04EC0-301F-11D3-BF4B-00C04F79EFBC}") = "TdocSpider.Tests", "TdocSpider.Tests\TdocSpider.Tests.csproj", "{7B1AC8DA-E907-4350-BFB8-FEF2E873F098}"
EndProject
Global
	GlobalSection(SolutionConfigurationPlatforms) = preSolution
		Debug|Any CPU = Debug|Any CPU
		Release|Any CPU = Release|Any CPU
	EndGlobalSection
	GlobalSection(ProjectConfigurationPlatforms) = postSolution
		{9DFBA867-AE95-4ACF-9E86-F9F48059D906}.Debug|Any CPU.ActiveCfg = Debug|Any CPU
		{9DFBA867-AE95-4ACF-9E86-F9F48059D906}.Debug|Any CPU.Build.0 = Debug|Any CPU
		{9DFBA867-AE95-4ACF-9E86-F9F48059D906}.Release|Any CPU.ActiveCfg = Release|Any CPU
		{9DFBA867-AE95-4ACF-9E86-F9F48059D906}.Release|Any CPU.Build.0 = Release|Any CPU
		{7B1AC8DA-E907-4350-BFB8-FEF2E873F098}.Debug|Any CPU.ActiveCfg = Debug|Any CPU
		{7B1AC8DA-E907-4350-BFB8-FEF2E873F098}.Debug|Any CPU.Build.0 = Debug|Any CPU
		{7B1AC8DA-E907-4350-BFB8-FEF2E873F098}.Release|Any CPU.ActiveCfg = Release|Any CPU
		{7B1AC8DA-E907-4350-BFB8-FEF2E873F098}.Release|Any CPU.Build.0 = Release|Any CPU
	EndGlobalSection
	GlobalSection(SolutionProperties) = preSolution
		HideSolutionNode = FALSE
	EndGlobalSection
EndGlobal
